
Microsoft Visual Studio Solution File, Format Version 12.00
# Visual Studio Version 16
VisualStudioVersion = 16.0.30413.136
MinimumVisualStudioVersion = 10.0.40219.1
Project("{FAE04EC0-301F-11D3-BF4B-00C04F79EFBC}") = "Korelskiy.TacticOfWarDoublie2", "Korelskiy.TacticOfWarDoublie2.csproj", "{68AD2F49-D586-4012-98E9-259672D6886B}"
EndProject
Global
	GlobalSection(SolutionConfigurationPlatforms) = preSolution
		Debug|Any CPU = Debug|Any CPU
		Release|Any CPU = Release|Any CPU
	EndGlobalSection
	GlobalSection(ProjectConfigurationPlatforms) = postSolution
		{68AD2F49-D586-4012-98E9-259672D6886B}.Debug|Any CPU.ActiveCfg = Debug|Any CPU
		{68AD2F49-D586-4012-98E9-259672D6886B}.Debug|Any CPU.Build.0 = Debug|Any CPU
		{68AD2F49-D586-4012-98E9-259672D6886B}.Release|Any CPU.ActiveCfg = Release|Any CPU
		{68AD2F49-D586-4012-98E9-259672D6886B}.Release|Any CPU.Build.0 = Release|Any CPU
	EndGlobalSection
	GlobalSection(SolutionProperties) = preSolution
		HideSolutionNode = FALSE
	EndGlobalSection
	GlobalSection(ExtensibilityGlobals) = postSolution
		SolutionGuid = {75021A38-5014-4351-82EF-EF6B05E9EADA}
	EndGlobalSection
EndGlobal
